
Microsoft Visual Studio Solution File, Format Version 12.00
# Visual Studio Version 16
VisualStudioVersion = 16.0.31410.357
MinimumVisualStudioVersion = 10.0.40219.1
Project("{9A19103F-16F7-4668-BE54-9A1E7A4F7556}") = "TodoIt", "TodoIt\TodoIt.csproj", "{DE9C8D09-386C-4754-A2D7-CA29C8D8C57E}"
EndProject
Project("{9A19103F-16F7-4668-BE54-9A1E7A4F7556}") = "TodoIt.Tests", "TodoIt.Tests\TodoIt.Tests.csproj", "{F99FF224-73F7-4617-8F83-1273E848CEBC}"
EndProject
Global
	GlobalSection(SolutionConfigurationPlatforms) = preSolution
		Debug|Any CPU = Debug|Any CPU
		Release|Any CPU = Release|Any CPU
	EndGlobalSection
	GlobalSection(ProjectConfigurationPlatforms) = postSolution
		{DE9C8D09-386C-4754-A2D7-CA29C8D8C57E}.Debug|Any CPU.ActiveCfg = Debug|Any CPU
		{DE9C8D09-386C-4754-A2D7-CA29C8D8C57E}.Debug|Any CPU.Build.0 = Debug|Any CPU
		{DE9C8D09-386C-4754-A2D7-CA29C8D8C57E}.Release|Any CPU.ActiveCfg = Release|Any CPU
		{DE9C8D09-386C-4754-A2D7-CA29C8D8C57E}.Release|Any CPU.Build.0 = Release|Any CPU
		{F99FF224-73F7-4617-8F83-1273E848CEBC}.Debug|Any CPU.ActiveCfg = Debug|Any CPU
		{F99FF224-73F7-4617-8F83-1273E848CEBC}.Debug|Any CPU.Build.0 = Debug|Any CPU
		{F99FF224-73F7-4617-8F83-1273E848CEBC}.Release|Any CPU.ActiveCfg = Release|Any CPU
		{F99FF224-73F7-4617-8F83-1273E848CEBC}.Release|Any CPU.Build.0 = Release|Any CPU
	EndGlobalSection
	GlobalSection(SolutionProperties) = preSolution
		HideSolutionNode = FALSE
	EndGlobalSection
	GlobalSection(ExtensibilityGlobals) = postSolution
		SolutionGuid = {2046712D-AC4B-42A8-B5BC-D5E35AEA0B3E}
	EndGlobalSection
EndGlobal
