
Microsoft Visual Studio Solution File, Format Version 12.00
# Visual Studio Version 16
VisualStudioVersion = 16.0.31410.357
MinimumVisualStudioVersion = 10.0.40219.1
Project("{FAE04EC0-301F-11D3-BF4B-00C04F79EFBC}") = "Todo", "Todo\Todo.csproj", "{FA678C42-0E6F-4024-AD07-BCDD20A630EE}"
EndProject
Project("{FAE04EC0-301F-11D3-BF4B-00C04F79EFBC}") = "Todo.Tests", "Todo.Tests\Todo.Tests.csproj", "{F1C2BB86-8FE8-45C6-9175-8D10EC55C24F}"
EndProject
Global
	GlobalSection(SolutionConfigurationPlatforms) = preSolution
		Debug|Any CPU = Debug|Any CPU
		Release|Any CPU = Release|Any CPU
	EndGlobalSection
	GlobalSection(ProjectConfigurationPlatforms) = postSolution
		{FA678C42-0E6F-4024-AD07-BCDD20A630EE}.Debug|Any CPU.ActiveCfg = Debug|Any CPU
		{FA678C42-0E6F-4024-AD07-BCDD20A630EE}.Debug|Any CPU.Build.0 = Debug|Any CPU
		{FA678C42-0E6F-4024-AD07-BCDD20A630EE}.Release|Any CPU.ActiveCfg = Release|Any CPU
		{FA678C42-0E6F-4024-AD07-BCDD20A630EE}.Release|Any CPU.Build.0 = Release|Any CPU
		{F1C2BB86-8FE8-45C6-9175-8D10EC55C24F}.Debug|Any CPU.ActiveCfg = Debug|Any CPU
		{F1C2BB86-8FE8-45C6-9175-8D10EC55C24F}.Debug|Any CPU.Build.0 = Debug|Any CPU
		{F1C2BB86-8FE8-45C6-9175-8D10EC55C24F}.Release|Any CPU.ActiveCfg = Release|Any CPU
		{F1C2BB86-8FE8-45C6-9175-8D10EC55C24F}.Release|Any CPU.Build.0 = Release|Any CPU
	EndGlobalSection
	GlobalSection(SolutionProperties) = preSolution
		HideSolutionNode = FALSE
	EndGlobalSection
	GlobalSection(ExtensibilityGlobals) = postSolution
		SolutionGuid = {2046712D-AC4B-42A8-B5BC-D5E35AEA0B3E}
	EndGlobalSection
EndGlobal
